
Microsoft Visual Studio Solution File, Format Version 12.00
# Visual Studio Version 16
VisualStudioVersion = 16.0.30517.126
MinimumVisualStudioVersion = 10.0.40219.1
Project("{FAE04EC0-301F-11D3-BF4B-00C04F79EFBC}") = "Atividade4", "Atividade4\Atividade4.csproj", "{33DDAE5C-18BA-4EF8-8B71-F77703BC760B}"
EndProject
Global
	GlobalSection(SolutionConfigurationPlatforms) = preSolution
		Debug|Any CPU = Debug|Any CPU
		Release|Any CPU = Release|Any CPU
	EndGlobalSection
	GlobalSection(ProjectConfigurationPlatforms) = postSolution
		{33DDAE5C-18BA-4EF8-8B71-F77703BC760B}.Debug|Any CPU.ActiveCfg = Debug|Any CPU
		{33DDAE5C-18BA-4EF8-8B71-F77703BC760B}.Debug|Any CPU.Build.0 = Debug|Any CPU
		{33DDAE5C-18BA-4EF8-8B71-F77703BC760B}.Release|Any CPU.ActiveCfg = Release|Any CPU
		{33DDAE5C-18BA-4EF8-8B71-F77703BC760B}.Release|Any CPU.Build.0 = Release|Any CPU
	EndGlobalSection
	GlobalSection(SolutionProperties) = preSolution
		HideSolutionNode = FALSE
	EndGlobalSection
	GlobalSection(ExtensibilityGlobals) = postSolution
		SolutionGuid = {1A907EA7-2209-45C3-B0F1-F2CBADF5AAB0}
	EndGlobalSection
EndGlobal
